
Microsoft Visual Studio Solution File, Format Version 12.00
# Visual Studio Version 17
VisualStudioVersion = 17.14.36915.13 d17.14
MinimumVisualStudioVersion = 10.0.40219.1
Project("{FAE04EC0-301F-11D3-BF4B-00C04F79EFBC}") = "KudumbashreeManagementSystem", "KudumbashreeManagementSystem.csproj", "{11FB7D1E-C25D-4FFD-B77E-683331F5B014}"
EndProject
Global
	GlobalSection(SolutionConfigurationPlatforms) = preSolution
		Debug|Any CPU = Debug|Any CPU
		Release|Any CPU = Release|Any CPU
	EndGlobalSection
	GlobalSection(ProjectConfigurationPlatforms) = postSolution
		{11FB7D1E-C25D-4FFD-B77E-683331F5B014}.Debug|Any CPU.ActiveCfg = Debug|Any CPU
		{11FB7D1E-C25D-4FFD-B77E-683331F5B014}.Debug|Any CPU.Build.0 = Debug|Any CPU
		{11FB7D1E-C25D-4FFD-B77E-683331F5B014}.Release|Any CPU.ActiveCfg = Release|Any CPU
		{11FB7D1E-C25D-4FFD-B77E-683331F5B014}.Release|Any CPU.Build.0 = Release|Any CPU
	EndGlobalSection
	GlobalSection(SolutionProperties) = preSolution
		HideSolutionNode = FALSE
	EndGlobalSection
	GlobalSection(ExtensibilityGlobals) = postSolution
		SolutionGuid = {F9294558-B1ED-45A9-B901-9A8E5243EB7A}
	EndGlobalSection
EndGlobal
